// !$*UTF8*$!
{
	archiveVersion = 1;
	classes = {
	};
	objectVersion = 56;
	objects = {

/* Begin PBXBuildFile section */
		FBE980432CE7B19500F3C3F9 /* AppDelegate.swift in Sources */ = {isa = PBXBuildFile; fileRef = FBE980422CE7B19500F3C3F9 /* AppDelegate.swift */; };
		FBE980452CE7B19500F3C3F9 /* SceneDelegate.swift in Sources */ = {isa = PBXBuildFile; fileRef = FBE980442CE7B19500F3C3F9 /* SceneDelegate.swift */; };
		FBE980472CE7B19500F3C3F9 /* ViewController.swift in Sources */ = {isa = PBXBuildFile; fileRef = FBE980462CE7B19500F3C3F9 /* ViewController.swift */; };
		FBE9804A2CE7B19500F3C3F9 /* Base in Resources */ = {isa = PBXBuildFile; fileRef = FBE980492CE7B19500F3C3F9 /* Base */; };
		FBE9804C2CE7B19500F3C3F9 /* Assets.xcassets in Resources */ = {isa = PBXBuildFile; fileRef = FBE9804B2CE7B19500F3C3F9 /* Assets.xcassets */; };
		FBE9804F2CE7B19500F3C3F9 /* Base in Resources */ = {isa = PBXBuildFile; fileRef = FBE9804E2CE7B19500F3C3F9 /* Base */; };
		FBE9805A2CE7B19600F3C3F9 /* forecastTests.swift in Sources */ = {isa = PBXBuildFile; fileRef = FBE980592CE7B19600F3C3F9 /* forecastTests.swift */; };
		FBE980642CE7B19600F3C3F9 /* forecastUITests.swift in Sources */ = {isa = PBXBuildFile; fileRef = FBE980632CE7B19600F3C3F9 /* forecastUITests.swift */; };
		FBE980662CE7B19600F3C3F9 /* forecastUITestsLaunchTests.swift in Sources */ = {isa = PBXBuildFile; fileRef = FBE980652CE7B19600F3C3F9 /* forecastUITestsLaunchTests.swift */; };
		FBE980742CE7B43800F3C3F9 /* ContentView.swift in Sources */ = {isa = PBXBuildFile; fileRef = FBE980732CE7B43800F3C3F9 /* ContentView.swift */; };
/* End PBXBuildFile section */

/* Begin PBXContainerItemProxy section */
		FBE980562CE7B19600F3C3F9 /* PBXContainerItemProxy */ = {
			isa = PBXContainerItemProxy;
			containerPortal = FBE980372CE7B19500F3C3F9 /* Project object */;
			proxyType = 1;
			remoteGlobalIDString = FBE9803E2CE7B19500F3C3F9;
			remoteInfo = forecast;
		};
		FBE980602CE7B19600F3C3F9 /* PBXContainerItemProxy */ = {
			isa = PBXContainerItemProxy;
			containerPortal = FBE980372CE7B19500F3C3F9 /* Project object */;
			proxyType = 1;
			remoteGlobalIDString = FBE9803E2CE7B19500F3C3F9;
			remoteInfo = forecast;
		};
/* End PBXContainerItemProxy section */

/* Begin PBXFileReference section */
		FBE9803F2CE7B19500F3C3F9 /* forecast.app */ = {isa = PBXFileReference; explicitFileType = wrapper.application; includeInIndex = 0; path = forecast.app; sourceTree = BUILT_PRODUCTS_DIR; };
		FBE980422CE7B19500F3C3F9 /* AppDelegate.swift */ = {isa = PBXFileReference; lastKnownFileType = sourcecode.swift; path = AppDelegate.swift; sourceTree = "<group>"; };
		FBE980442CE7B19500F3C3F9 /* SceneDelegate.swift */ = {isa = PBXFileReference; lastKnownFileType = sourcecode.swift; path = SceneDelegate.swift; sourceTree = "<group>"; };
		FBE980462CE7B19500F3C3F9 /* ViewController.swift */ = {isa = PBXFileReference; lastKnownFileType = sourcecode.swift; path = ViewController.swift; sourceTree = "<group>"; };
		FBE980492CE7B19500F3C3F9 /* Base */ = {isa = PBXFileReference; lastKnownFileType = file.storyboard; name = Base; path = Base.lproj/Main.storyboard; sourceTree = "<group>"; };
		FBE9804B2CE7B19500F3C3F9 /* Assets.xcassets */ = {isa = PBXFileReference; lastKnownFileType = folder.assetcatalog; path = Assets.xcassets; sourceTree = "<group>"; };
		FBE9804E2CE7B19500F3C3F9 /* Base */ = {isa = PBXFileReference; lastKnownFileType = file.storyboard; name = Base; path = Base.lproj/LaunchScreen.storyboard; sourceTree = "<group>"; };
		FBE980502CE7B19500F3C3F9 /* Info.plist */ = {isa = PBXFileReference; lastKnownFileType = text.plist.xml; path = Info.plist; sourceTree = "<group>"; };
		FBE980552CE7B19600F3C3F9 /* forecastTests.xctest */ = {isa = PBXFileReference; explicitFileType = wrapper.cfbundle; includeInIndex = 0; path = forecastTests.xctest; sourceTree = BUILT_PRODUCTS_DIR; };
		FBE980592CE7B19600F3C3F9 /* forecastTests.swift */ = {isa = PBXFileReference; lastKnownFileType = sourcecode.swift; path = forecastTests.swift; sourceTree = "<group>"; };
		FBE9805F2CE7B19600F3C3F9 /* forecastUITests.xctest */ = {isa = PBXFileReference; explicitFileType = wrapper.cfbundle; includeInIndex = 0; path = forecastUITests.xctest; sourceTree = BUILT_PRODUCTS_DIR; };
		FBE980632CE7B19600F3C3F9 /* forecastUITests.swift */ = {isa = PBXFileReference; lastKnownFileType = sourcecode.swift; path = forecastUITests.swift; sourceTree = "<group>"; };
		FBE980652CE7B19600F3C3F9 /* forecastUITestsLaunchTests.swift */ = {isa = PBXFileReference; lastKnownFileType = sourcecode.swift; path = forecastUITestsLaunchTests.swift; sourceTree = "<group>"; };
		FBE980732CE7B43800F3C3F9 /* ContentView.swift */ = {isa = PBXFileReference; lastKnownFileType = sourcecode.swift; path = ContentView.swift; sourceTree = "<group>"; };
/* End PBXFileReference section */

/* Begin PBXFrameworksBuildPhase section */
		FBE9803C2CE7B19500F3C3F9 /* Frameworks */ = {
			isa = PBXFrameworksBuildPhase;
			buildActionMask = 2147483647;
			files = (
			);
			runOnlyForDeploymentPostprocessing = 0;
		};
		FBE980522CE7B19600F3C3F9 /* Frameworks */ = {
			isa = PBXFrameworksBuildPhase;
			buildActionMask = 2147483647;
			files = (
			);
			runOnlyForDeploymentPostprocessing = 0;
		};
		FBE9805C2CE7B19600F3C3F9 /* Frameworks */ = {
			isa = PBXFrameworksBuildPhase;
			buildActionMask = 2147483647;
			files = (
			);
			runOnlyForDeploymentPostprocessing = 0;
		};
/* End PBXFrameworksBuildPhase section */

/* Begin PBXGroup section */
		FBE980362CE7B19500F3C3F9 = {
			isa = PBXGroup;
			children = (
				FBE980412CE7B19500F3C3F9 /* forecast */,
				FBE980582CE7B19600F3C3F9 /* forecastTests */,
				FBE980622CE7B19600F3C3F9 /* forecastUITests */,
				FBE980402CE7B19500F3C3F9 /* Products */,
			);
			sourceTree = "<group>";
		};
		FBE980402CE7B19500F3C3F9 /* Products */ = {
			isa = PBXGroup;
			children = (
				FBE9803F2CE7B19500F3C3F9 /* forecast.app */,
				FBE980552CE7B19600F3C3F9 /* forecastTests.xctest */,
				FBE9805F2CE7B19600F3C3F9 /* forecastUITests.xctest */,
			);
			name = Products;
			sourceTree = "<group>";
		};
		FBE980412CE7B19500F3C3F9 /* forecast */ = {
			isa = PBXGroup;
			children = (
				FBE980422CE7B19500F3C3F9 /* AppDelegate.swift */,
				FBE980442CE7B19500F3C3F9 /* SceneDelegate.swift */,
				FBE980462CE7B19500F3C3F9 /* ViewController.swift */,
				FBE980482CE7B19500F3C3F9 /* Main.storyboard */,
				FBE9804B2CE7B19500F3C3F9 /* Assets.xcassets */,
				FBE9804D2CE7B19500F3C3F9 /* LaunchScreen.storyboard */,
				FBE980502CE7B19500F3C3F9 /* Info.plist */,
				FBE980732CE7B43800F3C3F9 /* ContentView.swift */,
			);
			path = forecast;
			sourceTree = "<group>";
		};
		FBE980582CE7B19600F3C3F9 /* forecastTests */ = {
			isa = PBXGroup;
			children = (
				FBE980592CE7B19600F3C3F9 /* forecastTests.swift */,
			);
			path = forecastTests;
			sourceTree = "<group>";
		};
		FBE980622CE7B19600F3C3F9 /* forecastUITests */ = {
			isa = PBXGroup;
			children = (
				FBE980632CE7B19600F3C3F9 /* forecastUITests.swift */,
				FBE980652CE7B19600F3C3F9 /* forecastUITestsLaunchTests.swift */,
			);
			path = forecastUITests;
			sourceTree = "<group>";
		};
/* End PBXGroup section */

/* Begin PBXNativeTarget section */
		FBE9803E2CE7B19500F3C3F9 /* forecast */ = {
			isa = PBXNativeTarget;
			buildConfigurationList = FBE980692CE7B19600F3C3F9 /* Build configuration list for PBXNativeTarget "forecast" */;
			buildPhases = (
				FBE9803B2CE7B19500F3C3F9 /* Sources */,
				FBE9803C2CE7B19500F3C3F9 /* Frameworks */,
				FBE9803D2CE7B19500F3C3F9 /* Resources */,
			);
			buildRules = (
			);
			dependencies = (
			);
			name = forecast;
			productName = forecast;
			productReference = FBE9803F2CE7B19500F3C3F9 /* forecast.app */;
			productType = "com.apple.product-type.application";
		};
		FBE980542CE7B19600F3C3F9 /* forecastTests */ = {
			isa = PBXNativeTarget;
			buildConfigurationList = FBE9806C2CE7B19600F3C3F9 /* Build configuration list for PBXNativeTarget "forecastTests" */;
			buildPhases = (
				FBE980512CE7B19600F3C3F9 /* Sources */,
				FBE980522CE7B19600F3C3F9 /* Frameworks */,
				FBE980532CE7B19600F3C3F9 /* Resources */,
			);
			buildRules = (
			);
			dependencies = (
				FBE980572CE7B19600F3C3F9 /* PBXTargetDependency */,
			);
			name = forecastTests;
			productName = forecastTests;
			productReference = FBE980552CE7B19600F3C3F9 /* forecastTests.xctest */;
			productType = "com.apple.product-type.bundle.unit-test";
		};
		FBE9805E2CE7B19600F3C3F9 /* forecastUITests */ = {
			isa = PBXNativeTarget;
			buildConfigurationList = FBE9806F2CE7B19600F3C3F9 /* Build configuration list for PBXNativeTarget "forecastUITests" */;
			buildPhases = (
				FBE9805B2CE7B19600F3C3F9 /* Sources */,
				FBE9805C2CE7B19600F3C3F9 /* Frameworks */,
				FBE9805D2CE7B19600F3C3F9 /* Resources */,
			);
			buildRules = (
			);
			dependencies = (
				FBE980612CE7B19600F3C3F9 /* PBXTargetDependency */,
			);
			name = forecastUITests;
			productName = forecastUITests;
			productReference = FBE9805F2CE7B19600F3C3F9 /* forecastUITests.xctest */;
			productType = "com.apple.product-type.bundle.ui-testing";
		};
/* End PBXNativeTarget section */

/* Begin PBXProject section */
		FBE980372CE7B19500F3C3F9 /* Project object */ = {
			isa = PBXProject;
			attributes = {
				BuildIndependentTargetsInParallel = 1;
				LastSwiftUpdateCheck = 1540;
				LastUpgradeCheck = 1540;
				TargetAttributes = {
					FBE9803E2CE7B19500F3C3F9 = {
						CreatedOnToolsVersion = 15.4;
					};
					FBE980542CE7B19600F3C3F9 = {
						CreatedOnToolsVersion = 15.4;
						TestTargetID = FBE9803E2CE7B19500F3C3F9;
					};
					FBE9805E2CE7B19600F3C3F9 = {
						CreatedOnToolsVersion = 15.4;
						TestTargetID = FBE9803E2CE7B19500F3C3F9;
					};
				};
			};
			buildConfigurationList = FBE9803A2CE7B19500F3C3F9 /* Build configuration list for PBXProject "forecast" */;
			compatibilityVersion = "Xcode 14.0";
			developmentRegion = en;
			hasScannedForEncodings = 0;
			knownRegions = (
				en,
				Base,
			);
			mainGroup = FBE980362CE7B19500F3C3F9;
			packageReferences = (
				FBE980722CE7B2FD00F3C3F9 /* XCRemoteSwiftPackageReference "Alamofire" */,
			);
			productRefGroup = FBE980402CE7B19500F3C3F9 /* Products */;
			projectDirPath = "";
			projectRoot = "";
			targets = (
				FBE9803E2CE7B19500F3C3F9 /* forecast */,
				FBE980542CE7B19600F3C3F9 /* forecastTests */,
				FBE9805E2CE7B19600F3C3F9 /* forecastUITests */,
			);
		};
/* End PBXProject section */

/* Begin PBXResourcesBuildPhase section */
		FBE9803D2CE7B19500F3C3F9 /* Resources */ = {
			isa = PBXResourcesBuildPhase;
			buildActionMask = 2147483647;
			files = (
				FBE9804C2CE7B19500F3C3F9 /* Assets.xcassets in Resources */,
				FBE9804F2CE7B19500F3C3F9 /* Base in Resources */,
				FBE9804A2CE7B19500F3C3F9 /* Base in Resources */,
			);
			runOnlyForDeploymentPostprocessing = 0;
		};
		FBE980532CE7B19600F3C3F9 /* Resources */ = {
			isa = PBXResourcesBuildPhase;
			buildActionMask = 2147483647;
			files = (
			);
			runOnlyForDeploymentPostprocessing = 0;
		};
		FBE9805D2CE7B19600F3C3F9 /* Resources */ = {
			isa = PBXResourcesBuildPhase;
			buildActionMask = 2147483647;
			files = (
			);
			runOnlyForDeploymentPostprocessing = 0;
		};
/* End PBXResourcesBuildPhase section */

/* Begin PBXSourcesBuildPhase section */
		FBE9803B2CE7B19500F3C3F9 /* Sources */ = {
			isa = PBXSourcesBuildPhase;
			buildActionMask = 2147483647;
			files = (
				FBE980472CE7B19500F3C3F9 /* ViewController.swift in Sources */,
				FBE980432CE7B19500F3C3F9 /* AppDelegate.swift in Sources */,
				FBE980742CE7B43800F3C3F9 /* ContentView.swift in Sources */,
				FBE980452CE7B19500F3C3F9 /* SceneDelegate.swift in Sources */,
			);
			runOnlyForDeploymentPostprocessing = 0;
		};
		FBE980512CE7B19600F3C3F9 /* Sources */ = {
			isa = PBXSourcesBuildPhase;
			buildActionMask = 2147483647;
			files = (
				FBE9805A2CE7B19600F3C3F9 /* forecastTests.swift in Sources */,
			);
			runOnlyForDeploymentPostprocessing = 0;
		};
		FBE9805B2CE7B19600F3C3F9 /* Sources */ = {
			isa = PBXSourcesBuildPhase;
			buildActionMask = 2147483647;
			files = (
				FBE980662CE7B19600F3C3F9 /* forecastUITestsLaunchTests.swift in Sources */,
				FBE980642CE7B19600F3C3F9 /* forecastUITests.swift in Sources */,
			);
			runOnlyForDeploymentPostprocessing = 0;
		};
/* End PBXSourcesBuildPhase section */

/* Begin PBXTargetDependency section */
		FBE980572CE7B19600F3C3F9 /* PBXTargetDependency */ = {
			isa = PBXTargetDependency;
			target = FBE9803E2CE7B19500F3C3F9 /* forecast */;
			targetProxy = FBE980562CE7B19600F3C3F9 /* PBXContainerItemProxy */;
		};
		FBE980612CE7B19600F3C3F9 /* PBXTargetDependency */ = {
			isa = PBXTargetDependency;
			target = FBE9803E2CE7B19500F3C3F9 /* forecast */;
			targetProxy = FBE980602CE7B19600F3C3F9 /* PBXContainerItemProxy */;
		};
/* End PBXTargetDependency section */

/* Begin PBXVariantGroup section */
		FBE980482CE7B19500F3C3F9 /* Main.storyboard */ = {
			isa = PBXVariantGroup;
			children = (
				FBE980492CE7B19500F3C3F9 /* Base */,
			);
			name = Main.storyboard;
			sourceTree = "<group>";
		};
		FBE9804D2CE7B19500F3C3F9 /* LaunchScreen.storyboard */ = {
			isa = PBXVariantGroup;
			children = (
				FBE9804E2CE7B19500F3C3F9 /* Base */,
			);
			name = LaunchScreen.storyboard;
			sourceTree = "<group>";
		};
/* End PBXVariantGroup section */

/* Begin XCBuildConfiguration section */
		FBE980672CE7B19600F3C3F9 /* Debug */ = {
			isa = XCBuildConfiguration;
			buildSettings = {
				ALWAYS_SEARCH_USER_PATHS = NO;
				ASSETCATALOG_COMPILER_GENERATE_SWIFT_ASSET_SYMBOL_EXTENSIONS = YES;
				CLANG_ANALYZER_NONNULL = YES;
				CLANG_ANALYZER_NUMBER_OBJECT_CONVERSION = YES_AGGRESSIVE;
				CLANG_CXX_LANGUAGE_STANDARD = "gnu++20";
				CLANG_ENABLE_MODULES = YES;
				CLANG_ENABLE_OBJC_ARC = YES;
				CLANG_ENABLE_OBJC_WEAK = YES;
				CLANG_WARN_BLOCK_CAPTURE_AUTORELEASING = YES;
				CLANG_WARN_BOOL_CONVERSION = YES;
				CLANG_WARN_COMMA = YES;
				CLANG_WARN_CONSTANT_CONVERSION = YES;
				CLANG_WARN_DEPRECATED_OBJC_IMPLEMENTATIONS = YES;
				CLANG_WARN_DIRECT_OBJC_ISA_USAGE = YES_ERROR;
				CLANG_WARN_DOCUMENTATION_COMMENTS = YES;
				CLANG_WARN_EMPTY_BODY = YES;
				CLANG_WARN_ENUM_CONVERSION = YES;
				CLANG_WARN_INFINITE_RECURSION = YES;
				CLANG_WARN_INT_CONVERSION = YES;
				CLANG_WARN_NON_LITERAL_NULL_CONVERSION = YES;
				CLANG_WARN_OBJC_IMPLICIT_RETAIN_SELF = YES;
				CLANG_WARN_OBJC_LITERAL_CONVERSION = YES;
				CLANG_WARN_OBJC_ROOT_CLASS = YES_ERROR;
				CLANG_WARN_QUOTED_INCLUDE_IN_FRAMEWORK_HEADER = YES;
				CLANG_WARN_RANGE_LOOP_ANALYSIS = YES;
				CLANG_WARN_STRICT_PROTOTYPES = YES;
				CLANG_WARN_SUSPICIOUS_MOVE = YES;
				CLANG_WARN_UNGUARDED_AVAILABILITY = YES_AGGRESSIVE;
				CLANG_WARN_UNREACHABLE_CODE = YES;
				CLANG_WARN__DUPLICATE_METHOD_MATCH = YES;
				COPY_PHASE_STRIP = NO;
				DEBUG_INFORMATION_FORMAT = dwarf;
				ENABLE_STRICT_OBJC_MSGSEND = YES;
				ENABLE_TESTABILITY = YES;
				ENABLE_USER_SCRIPT_SANDBOXING = YES;
				GCC_C_LANGUAGE_STANDARD = gnu17;
				GCC_DYNAMIC_NO_PIC = NO;
				GCC_NO_COMMON_BLOCKS = YES;
				GCC_OPTIMIZATION_LEVEL = 0;
				GCC_PREPROCESSOR_DEFINITIONS = (
					"DEBUG=1",
					"$(inherited)",
				);
				GCC_WARN_64_TO_32_BIT_CONVERSION = YES;
				GCC_WARN_ABOUT_RETURN_TYPE = YES_ERROR;
				GCC_WARN_UNDECLARED_SELECTOR = YES;
				GCC_WARN_UNINITIALIZED_AUTOS = YES_AGGRESSIVE;
				GCC_WARN_UNUSED_FUNCTION = YES;
				GCC_WARN_UNUSED_VARIABLE = YES;
				IPHONEOS_DEPLOYMENT_TARGET = 17.5;
				LOCALIZATION_PREFERS_STRING_CATALOGS = YES;
				MTL_ENABLE_DEBUG_INFO = INCLUDE_SOURCE;
				MTL_FAST_MATH = YES;
				ONLY_ACTIVE_ARCH = YES;
				SDKROOT = iphoneos;
				SWIFT_ACTIVE_COMPILATION_CONDITIONS = "DEBUG $(inherited)";
				SWIFT_OPTIMIZATION_LEVEL = "-Onone";
			};
			name = Debug;
		};
		FBE980682CE7B19600F3C3F9 /* Release */ = {
			isa = XCBuildConfiguration;
			buildSettings = {
				ALWAYS_SEARCH_USER_PATHS = NO;
				ASSETCATALOG_COMPILER_GENERATE_SWIFT_ASSET_SYMBOL_EXTENSIONS = YES;
				CLANG_ANALYZER_NONNULL = YES;
				CLANG_ANALYZER_NUMBER_OBJECT_CONVERSION = YES_AGGRESSIVE;
				CLANG_CXX_LANGUAGE_STANDARD = "gnu++20";
				CLANG_ENABLE_MODULES = YES;
				CLANG_ENABLE_OBJC_ARC = YES;
				CLANG_ENABLE_OBJC_WEAK = YES;
				CLANG_WARN_BLOCK_CAPTURE_AUTORELEASING = YES;
				CLANG_WARN_BOOL_CONVERSION = YES;
				CLANG_WARN_COMMA = YES;
				CLANG_WARN_CONSTANT_CONVERSION = YES;
				CLANG_WARN_DEPRECATED_OBJC_IMPLEMENTATIONS = YES;
				CLANG_WARN_DIRECT_OBJC_ISA_USAGE = YES_ERROR;
				CLANG_WARN_DOCUMENTATION_COMMENTS = YES;
				CLANG_WARN_EMPTY_BODY = YES;
				CLANG_WARN_ENUM_CONVERSION = YES;
				CLANG_WARN_INFINITE_RECURSION = YES;
				CLANG_WARN_INT_CONVERSION = YES;
				CLANG_WARN_NON_LITERAL_NULL_CONVERSION = YES;
				CLANG_WARN_OBJC_IMPLICIT_RETAIN_SELF = YES;
				CLANG_WARN_OBJC_LITERAL_CONVERSION = YES;
				CLANG_WARN_OBJC_ROOT_CLASS = YES_ERROR;
				CLANG_WARN_QUOTED_INCLUDE_IN_FRAMEWORK_HEADER = YES;
				CLANG_WARN_RANGE_LOOP_ANALYSIS = YES;
				CLANG_WARN_STRICT_PROTOTYPES = YES;
				CLANG_WARN_SUSPICIOUS_MOVE = YES;
				CLANG_WARN_UNGUARDED_AVAILABILITY = YES_AGGRESSIVE;
				CLANG_WARN_UNREACHABLE_CODE = YES;
				CLANG_WARN__DUPLICATE_METHOD_MATCH = YES;
				COPY_PHASE_STRIP = NO;
				DEBUG_INFORMATION_FORMAT = "dwarf-with-dsym";
				ENABLE_NS_ASSERTIONS = NO;
				ENABLE_STRICT_OBJC_MSGSEND = YES;
				ENABLE_USER_SCRIPT_SANDBOXING = YES;
				GCC_C_LANGUAGE_STANDARD = gnu17;
				GCC_NO_COMMON_BLOCKS = YES;
				GCC_WARN_64_TO_32_BIT_CONVERSION = YES;
				GCC_WARN_ABOUT_RETURN_TYPE = YES_ERROR;
				GCC_WARN_UNDECLARED_SELECTOR = YES;
				GCC_WARN_UNINITIALIZED_AUTOS = YES_AGGRESSIVE;
				GCC_WARN_UNUSED_FUNCTION = YES;
				GCC_WARN_UNUSED_VARIABLE = YES;
				IPHONEOS_DEPLOYMENT_TARGET = 17.5;
				LOCALIZATION_PREFERS_STRING_CATALOGS = YES;
				MTL_ENABLE_DEBUG_INFO = NO;
				MTL_FAST_MATH = YES;
				SDKROOT = iphoneos;
				SWIFT_COMPILATION_MODE = wholemodule;
				VALIDATE_PRODUCT = YES;
			};
			name = Release;
		};
		FBE9806A2CE7B19600F3C3F9 /* Debug */ = {
			isa = XCBuildConfiguration;
			buildSettings = {
				ASSETCATALOG_COMPILER_APPICON_NAME = AppIcon;
				ASSETCATALOG_COMPILER_GLOBAL_ACCENT_COLOR_NAME = AccentColor;
				CODE_SIGN_STYLE = Automatic;
				CURRENT_PROJECT_VERSION = 1;
				GENERATE_INFOPLIST_FILE = YES;
				INFOPLIST_FILE = forecast/Info.plist;
				INFOPLIST_KEY_UIApplicationSupportsIndirectInputEvents = YES;
				INFOPLIST_KEY_UILaunchStoryboardName = LaunchScreen;
				INFOPLIST_KEY_UIMainStoryboardFile = Main;
				INFOPLIST_KEY_UISupportedInterfaceOrientations_iPad = "UIInterfaceOrientationPortrait UIInterfaceOrientationPortraitUpsideDown UIInterfaceOrientationLandscapeLeft UIInterfaceOrientationLandscapeRight";
				INFOPLIST_KEY_UISupportedInterfaceOrientations_iPhone = "UIInterfaceOrientationPortrait UIInterfaceOrientationLandscapeLeft UIInterfaceOrientationLandscapeRight";
				LD_RUNPATH_SEARCH_PATHS = (
					"$(inherited)",
					"@executable_path/Frameworks",
				);
				MARKETING_VERSION = 1.0;
				PRODUCT_BUNDLE_IDENTIFIER = "mx.uacj.Proyecto-Final.forecast";
				PRODUCT_NAME = "$(TARGET_NAME)";
				SWIFT_EMIT_LOC_STRINGS = YES;
				SWIFT_VERSION = 5.0;
				TARGETED_DEVICE_FAMILY = "1,2";
			};
			name = Debug;
		};
		FBE9806B2CE7B19600F3C3F9 /* Release */ = {
			isa = XCBuildConfiguration;
			buildSettings = {
				ASSETCATALOG_COMPILER_APPICON_NAME = AppIcon;
				ASSETCATALOG_COMPILER_GLOBAL_ACCENT_COLOR_NAME = AccentColor;
				CODE_SIGN_STYLE = Automatic;
				CURRENT_PROJECT_VERSION = 1;
				GENERATE_INFOPLIST_FILE = YES;
				INFOPLIST_FILE = forecast/Info.plist;
				INFOPLIST_KEY_UIApplicationSupportsIndirectInputEvents = YES;
				INFOPLIST_KEY_UILaunchStoryboardName = LaunchScreen;
				INFOPLIST_KEY_UIMainStoryboardFile = Main;
				INFOPLIST_KEY_UISupportedInterfaceOrientations_iPad = "UIInterfaceOrientationPortrait UIInterfaceOrientationPortraitUpsideDown UIInterfaceOrientationLandscapeLeft UIInterfaceOrientationLandscapeRight";
				INFOPLIST_KEY_UISupportedInterfaceOrientations_iPhone = "UIInterfaceOrientationPortrait UIInterfaceOrientationLandscapeLeft UIInterfaceOrientationLandscapeRight";
				LD_RUNPATH_SEARCH_PATHS = (
					"$(inherited)",
					"@executable_path/Frameworks",
				);
				MARKETING_VERSION = 1.0;
				PRODUCT_BUNDLE_IDENTIFIER = "mx.uacj.Proyecto-Final.forecast";
				PRODUCT_NAME = "$(TARGET_NAME)";
				SWIFT_EMIT_LOC_STRINGS = YES;
				SWIFT_VERSION = 5.0;
				TARGETED_DEVICE_FAMILY = "1,2";
			};
			name = Release;
		};
		FBE9806D2CE7B19600F3C3F9 /* Debug */ = {
			isa = XCBuildConfiguration;
			buildSettings = {
				ALWAYS_EMBED_SWIFT_STANDARD_LIBRARIES = YES;
				BUNDLE_LOADER = "$(TEST_HOST)";
				CODE_SIGN_STYLE = Automatic;
				CURRENT_PROJECT_VERSION = 1;
				GENERATE_INFOPLIST_FILE = YES;
				IPHONEOS_DEPLOYMENT_TARGET = 17.5;
				MARKETING_VERSION = 1.0;
				PRODUCT_BUNDLE_IDENTIFIER = "mx.uacj.Proyecto-Final.forecastTests";
				PRODUCT_NAME = "$(TARGET_NAME)";
				SWIFT_EMIT_LOC_STRINGS = NO;
				SWIFT_VERSION = 5.0;
				TARGETED_DEVICE_FAMILY = "1,2";
				TEST_HOST = "$(BUILT_PRODUCTS_DIR)/forecast.app/$(BUNDLE_EXECUTABLE_FOLDER_PATH)/forecast";
			};
			name = Debug;
		};
		FBE9806E2CE7B19600F3C3F9 /* Release */ = {
			isa = XCBuildConfiguration;
			buildSettings = {
				ALWAYS_EMBED_SWIFT_STANDARD_LIBRARIES = YES;
				BUNDLE_LOADER = "$(TEST_HOST)";
				CODE_SIGN_STYLE = Automatic;
				CURRENT_PROJECT_VERSION = 1;
				GENERATE_INFOPLIST_FILE = YES;
				IPHONEOS_DEPLOYMENT_TARGET = 17.5;
				MARKETING_VERSION = 1.0;
				PRODUCT_BUNDLE_IDENTIFIER = "mx.uacj.Proyecto-Final.forecastTests";
				PRODUCT_NAME = "$(TARGET_NAME)";
				SWIFT_EMIT_LOC_STRINGS = NO;
				SWIFT_VERSION = 5.0;
				TARGETED_DEVICE_FAMILY = "1,2";
				TEST_HOST = "$(BUILT_PRODUCTS_DIR)/forecast.app/$(BUNDLE_EXECUTABLE_FOLDER_PATH)/forecast";
			};
			name = Release;
		};
		FBE980702CE7B19600F3C3F9 /* Debug */ = {
			isa = XCBuildConfiguration;
			buildSettings = {
				ALWAYS_EMBED_SWIFT_STANDARD_LIBRARIES = YES;
				CODE_SIGN_STYLE = Automatic;
				CURRENT_PROJECT_VERSION = 1;
				GENERATE_INFOPLIST_FILE = YES;
				MARKETING_VERSION = 1.0;
				PRODUCT_BUNDLE_IDENTIFIER = "mx.uacj.Proyecto-Final.forecastUITests";
				PRODUCT_NAME = "$(TARGET_NAME)";
				SWIFT_EMIT_LOC_STRINGS = NO;
				SWIFT_VERSION = 5.0;
				TARGETED_DEVICE_FAMILY = "1,2";
				TEST_TARGET_NAME = forecast;
			};
			name = Debug;
		};
		FBE980712CE7B19600F3C3F9 /* Release */ = {
			isa = XCBuildConfiguration;
			buildSettings = {
				ALWAYS_EMBED_SWIFT_STANDARD_LIBRARIES = YES;
				CODE_SIGN_STYLE = Automatic;
				CURRENT_PROJECT_VERSION = 1;
				GENERATE_INFOPLIST_FILE = YES;
				MARKETING_VERSION = 1.0;
				PRODUCT_BUNDLE_IDENTIFIER = "mx.uacj.Proyecto-Final.forecastUITests";
				PRODUCT_NAME = "$(TARGET_NAME)";
				SWIFT_EMIT_LOC_STRINGS = NO;
				SWIFT_VERSION = 5.0;
				TARGETED_DEVICE_FAMILY = "1,2";
				TEST_TARGET_NAME = forecast;
			};
			name = Release;
		};
/* End XCBuildConfiguration section */

/* Begin XCConfigurationList section */
		FBE9803A2CE7B19500F3C3F9 /* Build configuration list for PBXProject "forecast" */ = {
			isa = XCConfigurationList;
			buildConfigurations = (
				FBE980672CE7B19600F3C3F9 /* Debug */,
				FBE980682CE7B19600F3C3F9 /* Release */,
			);
			defaultConfigurationIsVisible = 0;
			defaultConfigurationName = Release;
		};
		FBE980692CE7B19600F3C3F9 /* Build configuration list for PBXNativeTarget "forecast" */ = {
			isa = XCConfigurationList;
			buildConfigurations = (
				FBE9806A2CE7B19600F3C3F9 /* Debug */,
				FBE9806B2CE7B19600F3C3F9 /* Release */,
			);
			defaultConfigurationIsVisible = 0;
			defaultConfigurationName = Release;
		};
		FBE9806C2CE7B19600F3C3F9 /* Build configuration list for PBXNativeTarget "forecastTests" */ = {
			isa = XCConfigurationList;
			buildConfigurations = (
				FBE9806D2CE7B19600F3C3F9 /* Debug */,
				FBE9806E2CE7B19600F3C3F9 /* Release */,
			);
			defaultConfigurationIsVisible = 0;
			defaultConfigurationName = Release;
		};
		FBE9806F2CE7B19600F3C3F9 /* Build configuration list for PBXNativeTarget "forecastUITests" */ = {
			isa = XCConfigurationList;
			buildConfigurations = (
				FBE980702CE7B19600F3C3F9 /* Debug */,
				FBE980712CE7B19600F3C3F9 /* Release */,
			);
			defaultConfigurationIsVisible = 0;
			defaultConfigurationName = Release;
		};
/* End XCConfigurationList section */

/* Begin XCRemoteSwiftPackageReference section */
		FBE980722CE7B2FD00F3C3F9 /* XCRemoteSwiftPackageReference "Alamofire" */ = {
			isa = XCRemoteSwiftPackageReference;
			repositoryURL = "https://github.com/Alamofire/Alamofire.git";
			requirement = {
				kind = exactVersion;
				version = 5.8.0;
			};
		};
/* End XCRemoteSwiftPackageReference section */
	};
	rootObject = FBE980372CE7B19500F3C3F9 /* Project object */;
}
